{
    "_readme": [
        "This file locks the dependencies of your project to a known state",
        "Read more about it at https://getcomposer.org/doc/01-basic-usage.md#installing-dependencies",
        "This file is @generated automatically"
    ],
    "content-hash": "d825082153288662d8f84ac2b8d7acdb",
    "packages": [
        {
            "name": "lumynus/kernel",
            "version": "v1.7.1",
            "source": {
                "type": "git",
                "url": "https://github.com/Lumynus/LumynusFramework.git",
                "reference": "7bd0fec665741a2ec82eae53aa0321433306a8d2"
            },
            "dist": {
                "type": "zip",
                "url": "https://api.github.com/repos/Lumynus/LumynusFramework/zipball/7bd0fec665741a2ec82eae53aa0321433306a8d2",
                "reference": "7bd0fec665741a2ec82eae53aa0321433306a8d2",
                "shasum": ""
            },
            "require": {
                "php": ">=8.2"
            },
            "type": "library",
            "autoload": {
                "psr-4": {
                    "Lumynus\\": ""
                }
            },
            "notification-url": "https://packagist.org/downloads/",
            "license": [
                "MIT"
            ],
            "authors": [
                {
                    "name": "Weleny Santos",
                    "email": "welenysantos@gmail.com"
                }
            ],
            "description": "A lightweight PHP framework designed for developers who value simplicity, clarity, and performance.",
            "support": {
                "issues": "https://github.com/Lumynus/LumynusFramework/issues",
                "source": "https://github.com/Lumynus/LumynusFramework/tree/v1.7.1"
            },
            "time": "2026-03-19T22:35:35+00:00"
        }
    ],
    "packages-dev": [],
    "aliases": [],
    "minimum-stability": "stable",
    "stability-flags": {},
    "prefer-stable": true,
    "prefer-lowest": false,
    "platform": {
        "php": ">=8.2"
    },
    "platform-dev": {},
    "plugin-api-version": "2.9.0"
}
